
Microsoft Visual Studio Solution File, Format Version 12.00
# Visual Studio 15
Project("{FAE04EC0-301F-11D3-BF4B-00C04F79EFBC}") = "Zenject", "Zenject.csproj", "{E86D7714-E323-C53E-F8BF-9DCD79488F70}"
EndProject
Project("{FAE04EC0-301F-11D3-BF4B-00C04F79EFBC}") = "Zenject-IntegrationTests", "Zenject-IntegrationTests.csproj", "{D7541C85-EBAE-EF93-8678-3690058321DB}"
EndProject
Project("{FAE04EC0-301F-11D3-BF4B-00C04F79EFBC}") = "Zenject-IntegrationTests-Editor", "Zenject-IntegrationTests-Editor.csproj", "{B5DFE3BF-8F82-4184-6170-DF91ED483E25}"
EndProject
Project("{FAE04EC0-301F-11D3-BF4B-00C04F79EFBC}") = "Assembly-CSharp", "Assembly-CSharp.csproj", "{7C9DE0C5-53BC-9144-CAAC-6BF43E557BF4}"
EndProject
Project("{FAE04EC0-301F-11D3-BF4B-00C04F79EFBC}") = "Zenject-PoolMonitor-Editor", "Zenject-PoolMonitor-Editor.csproj", "{411B578F-C23B-E920-2250-390EAF744902}"
EndProject
Project("{FAE04EC0-301F-11D3-BF4B-00C04F79EFBC}") = "Zenject-UnitTests-Editor", "Zenject-UnitTests-Editor.csproj", "{6C463AFF-ACDB-03D2-2BDC-94F1CDECBEC0}"
EndProject
Project("{FAE04EC0-301F-11D3-BF4B-00C04F79EFBC}") = "Zenject-ReflectionBaking-Editor", "Zenject-ReflectionBaking-Editor.csproj", "{EDA61787-2442-A4E0-E8A3-C7A52CC3FC5E}"
EndProject
Project("{FAE04EC0-301F-11D3-BF4B-00C04F79EFBC}") = "Zenject-Editor", "Zenject-Editor.csproj", "{D71D6456-5CFF-030F-0C58-AED5338A1C6E}"
EndProject
Project("{FAE04EC0-301F-11D3-BF4B-00C04F79EFBC}") = "Zenject-TestFramework", "Zenject-TestFramework.csproj", "{26FB1BB6-14F7-4F48-7F2C-098E4ED70283}"
EndProject
Global
	GlobalSection(SolutionConfigurationPlatforms) = preSolution
		Debug|Any CPU = Debug|Any CPU
		Release|Any CPU = Release|Any CPU
	EndGlobalSection
	GlobalSection(ProjectConfigurationPlatforms) = postSolution
		{E86D7714-E323-C53E-F8BF-9DCD79488F70}.Debug|Any CPU.ActiveCfg = Debug|Any CPU
		{E86D7714-E323-C53E-F8BF-9DCD79488F70}.Debug|Any CPU.Build.0 = Debug|Any CPU
		{E86D7714-E323-C53E-F8BF-9DCD79488F70}.Release|Any CPU.ActiveCfg = Release|Any CPU
		{E86D7714-E323-C53E-F8BF-9DCD79488F70}.Release|Any CPU.Build.0 = Release|Any CPU
		{D7541C85-EBAE-EF93-8678-3690058321DB}.Debug|Any CPU.ActiveCfg = Debug|Any CPU
		{D7541C85-EBAE-EF93-8678-3690058321DB}.Debug|Any CPU.Build.0 = Debug|Any CPU
		{D7541C85-EBAE-EF93-8678-3690058321DB}.Release|Any CPU.ActiveCfg = Release|Any CPU
		{D7541C85-EBAE-EF93-8678-3690058321DB}.Release|Any CPU.Build.0 = Release|Any CPU
		{B5DFE3BF-8F82-4184-6170-DF91ED483E25}.Debug|Any CPU.ActiveCfg = Debug|Any CPU
		{B5DFE3BF-8F82-4184-6170-DF91ED483E25}.Debug|Any CPU.Build.0 = Debug|Any CPU
		{B5DFE3BF-8F82-4184-6170-DF91ED483E25}.Release|Any CPU.ActiveCfg = Release|Any CPU
		{B5DFE3BF-8F82-4184-6170-DF91ED483E25}.Release|Any CPU.Build.0 = Release|Any CPU
		{7C9DE0C5-53BC-9144-CAAC-6BF43E557BF4}.Debug|Any CPU.ActiveCfg = Debug|Any CPU
		{7C9DE0C5-53BC-9144-CAAC-6BF43E557BF4}.Debug|Any CPU.Build.0 = Debug|Any CPU
		{7C9DE0C5-53BC-9144-CAAC-6BF43E557BF4}.Release|Any CPU.ActiveCfg = Release|Any CPU
		{7C9DE0C5-53BC-9144-CAAC-6BF43E557BF4}.Release|Any CPU.Build.0 = Release|Any CPU
		{411B578F-C23B-E920-2250-390EAF744902}.Debug|Any CPU.ActiveCfg = Debug|Any CPU
		{411B578F-C23B-E920-2250-390EAF744902}.Debug|Any CPU.Build.0 = Debug|Any CPU
		{411B578F-C23B-E920-2250-390EAF744902}.Release|Any CPU.ActiveCfg = Release|Any CPU
		{411B578F-C23B-E920-2250-390EAF744902}.Release|Any CPU.Build.0 = Release|Any CPU
		{6C463AFF-ACDB-03D2-2BDC-94F1CDECBEC0}.Debug|Any CPU.ActiveCfg = Debug|Any CPU
		{6C463AFF-ACDB-03D2-2BDC-94F1CDECBEC0}.Debug|Any CPU.Build.0 = Debug|Any CPU
		{6C463AFF-ACDB-03D2-2BDC-94F1CDECBEC0}.Release|Any CPU.ActiveCfg = Release|Any CPU
		{6C463AFF-ACDB-03D2-2BDC-94F1CDECBEC0}.Release|Any CPU.Build.0 = Release|Any CPU
		{EDA61787-2442-A4E0-E8A3-C7A52CC3FC5E}.Debug|Any CPU.ActiveCfg = Debug|Any CPU
		{EDA61787-2442-A4E0-E8A3-C7A52CC3FC5E}.Debug|Any CPU.Build.0 = Debug|Any CPU
		{EDA61787-2442-A4E0-E8A3-C7A52CC3FC5E}.Release|Any CPU.ActiveCfg = Release|Any CPU
		{EDA61787-2442-A4E0-E8A3-C7A52CC3FC5E}.Release|Any CPU.Build.0 = Release|Any CPU
		{D71D6456-5CFF-030F-0C58-AED5338A1C6E}.Debug|Any CPU.ActiveCfg = Debug|Any CPU
		{D71D6456-5CFF-030F-0C58-AED5338A1C6E}.Debug|Any CPU.Build.0 = Debug|Any CPU
		{D71D6456-5CFF-030F-0C58-AED5338A1C6E}.Release|Any CPU.ActiveCfg = Release|Any CPU
		{D71D6456-5CFF-030F-0C58-AED5338A1C6E}.Release|Any CPU.Build.0 = Release|Any CPU
		{26FB1BB6-14F7-4F48-7F2C-098E4ED70283}.Debug|Any CPU.ActiveCfg = Debug|Any CPU
		{26FB1BB6-14F7-4F48-7F2C-098E4ED70283}.Debug|Any CPU.Build.0 = Debug|Any CPU
		{26FB1BB6-14F7-4F48-7F2C-098E4ED70283}.Release|Any CPU.ActiveCfg = Release|Any CPU
		{26FB1BB6-14F7-4F48-7F2C-098E4ED70283}.Release|Any CPU.Build.0 = Release|Any CPU
	EndGlobalSection
	GlobalSection(SolutionProperties) = preSolution
		HideSolutionNode = FALSE
	EndGlobalSection
EndGlobal
